
Microsoft Visual Studio Solution File, Format Version 12.00
# Visual Studio Version 16
VisualStudioVersion = 16.0.31205.134
MinimumVisualStudioVersion = 10.0.40219.1
Project("{9A19103F-16F7-4668-BE54-9A1E7A4F7556}") = "WebServers", "WebServers\WebServers.csproj", "{F27344F6-6DB6-4BF0-9FBD-FCEEC9F89957}"
EndProject
Project("{9A19103F-16F7-4668-BE54-9A1E7A4F7556}") = "WebModels", "WebModels\WebModels.csproj", "{ED9A26B1-1F0D-4B61-8497-7FC8EC04C826}"
EndProject
Project("{9A19103F-16F7-4668-BE54-9A1E7A4F7556}") = "WebClients", "WebClients\WebClients.csproj", "{7232A83D-6488-4D90-BA62-B6F433BBA216}"
EndProject
Global
	GlobalSection(SolutionConfigurationPlatforms) = preSolution
		Debug|Any CPU = Debug|Any CPU
		Release|Any CPU = Release|Any CPU
	EndGlobalSection
	GlobalSection(ProjectConfigurationPlatforms) = postSolution
		{F27344F6-6DB6-4BF0-9FBD-FCEEC9F89957}.Debug|Any CPU.ActiveCfg = Debug|Any CPU
		{F27344F6-6DB6-4BF0-9FBD-FCEEC9F89957}.Debug|Any CPU.Build.0 = Debug|Any CPU
		{F27344F6-6DB6-4BF0-9FBD-FCEEC9F89957}.Release|Any CPU.ActiveCfg = Release|Any CPU
		{F27344F6-6DB6-4BF0-9FBD-FCEEC9F89957}.Release|Any CPU.Build.0 = Release|Any CPU
		{ED9A26B1-1F0D-4B61-8497-7FC8EC04C826}.Debug|Any CPU.ActiveCfg = Debug|Any CPU
		{ED9A26B1-1F0D-4B61-8497-7FC8EC04C826}.Debug|Any CPU.Build.0 = Debug|Any CPU
		{ED9A26B1-1F0D-4B61-8497-7FC8EC04C826}.Release|Any CPU.ActiveCfg = Release|Any CPU
		{ED9A26B1-1F0D-4B61-8497-7FC8EC04C826}.Release|Any CPU.Build.0 = Release|Any CPU
		{7232A83D-6488-4D90-BA62-B6F433BBA216}.Debug|Any CPU.ActiveCfg = Debug|Any CPU
		{7232A83D-6488-4D90-BA62-B6F433BBA216}.Debug|Any CPU.Build.0 = Debug|Any CPU
		{7232A83D-6488-4D90-BA62-B6F433BBA216}.Release|Any CPU.ActiveCfg = Release|Any CPU
		{7232A83D-6488-4D90-BA62-B6F433BBA216}.Release|Any CPU.Build.0 = Release|Any CPU
	EndGlobalSection
	GlobalSection(SolutionProperties) = preSolution
		HideSolutionNode = FALSE
	EndGlobalSection
	GlobalSection(ExtensibilityGlobals) = postSolution
		SolutionGuid = {C55A04A9-9306-4F5B-AF95-E11C84C6AE7F}
	EndGlobalSection
EndGlobal
